// !$*UTF8*$!
{
	archiveVersion = 1;
	classes = {
	};
	objectVersion = 46;
	objects = {

/* Begin PBXBuildFile section */
		66C9B9881BA280B50072DA52 /* AppDelegate.swift in Sources */ = {isa = PBXBuildFile; fileRef = 66C9B9871BA280B50072DA52 /* AppDelegate.swift */; };
		66C9B98A1BA280B50072DA52 /* MasterViewController.swift in Sources */ = {isa = PBXBuildFile; fileRef = 66C9B9891BA280B50072DA52 /* MasterViewController.swift */; };
		66C9B98C1BA280B50072DA52 /* DetailViewController.swift in Sources */ = {isa = PBXBuildFile; fileRef = 66C9B98B1BA280B50072DA52 /* DetailViewController.swift */; };
		66C9B98F1BA280B50072DA52 /* Main.storyboard in Resources */ = {isa = PBXBuildFile; fileRef = 66C9B98D1BA280B50072DA52 /* Main.storyboard */; };
		66C9B9911BA280B50072DA52 /* Images.xcassets in Resources */ = {isa = PBXBuildFile; fileRef = 66C9B9901BA280B50072DA52 /* Images.xcassets */; };
		66C9B9941BA280B50072DA52 /* LaunchScreen.xib in Resources */ = {isa = PBXBuildFile; fileRef = 66C9B9921BA280B50072DA52 /* LaunchScreen.xib */; };
		66C9B9A01BA280B50072DA52 /* Strokes_GainedTests.swift in Sources */ = {isa = PBXBuildFile; fileRef = 66C9B99F1BA280B50072DA52 /* Strokes_GainedTests.swift */; };
/* End PBXBuildFile section */

/* Begin PBXContainerItemProxy section */
		66C9B99A1BA280B50072DA52 /* PBXContainerItemProxy */ = {
			isa = PBXContainerItemProxy;
			containerPortal = 66C9B97A1BA280B50072DA52 /* Project object */;
			proxyType = 1;
			remoteGlobalIDString = 66C9B9811BA280B50072DA52;
			remoteInfo = "Strokes Gained";
		};
/* End PBXContainerItemProxy section */

/* Begin PBXFileReference section */
		66C9B9821BA280B50072DA52 /* Strokes Gained.app */ = {isa = PBXFileReference; explicitFileType = wrapper.application; includeInIndex = 0; path = "Strokes Gained.app"; sourceTree = BUILT_PRODUCTS_DIR; };
		66C9B9861BA280B50072DA52 /* Info.plist */ = {isa = PBXFileReference; lastKnownFileType = text.plist.xml; path = Info.plist; sourceTree = "<group>"; };
		66C9B9871BA280B50072DA52 /* AppDelegate.swift */ = {isa = PBXFileReference; lastKnownFileType = sourcecode.swift; path = AppDelegate.swift; sourceTree = "<group>"; };
		66C9B9891BA280B50072DA52 /* MasterViewController.swift */ = {isa = PBXFileReference; lastKnownFileType = sourcecode.swift; path = MasterViewController.swift; sourceTree = "<group>"; };
		66C9B98B1BA280B50072DA52 /* DetailViewController.swift */ = {isa = PBXFileReference; lastKnownFileType = sourcecode.swift; path = DetailViewController.swift; sourceTree = "<group>"; };
		66C9B98E1BA280B50072DA52 /* Base */ = {isa = PBXFileReference; lastKnownFileType = file.storyboard; name = Base; path = Base.lproj/Main.storyboard; sourceTree = "<group>"; };
		66C9B9901BA280B50072DA52 /* Images.xcassets */ = {isa = PBXFileReference; lastKnownFileType = folder.assetcatalog; path = Images.xcassets; sourceTree = "<group>"; };
		66C9B9931BA280B50072DA52 /* Base */ = {isa = PBXFileReference; lastKnownFileType = file.xib; name = Base; path = Base.lproj/LaunchScreen.xib; sourceTree = "<group>"; };
		66C9B9991BA280B50072DA52 /* Strokes GainedTests.xctest */ = {isa = PBXFileReference; explicitFileType = wrapper.cfbundle; includeInIndex = 0; path = "Strokes GainedTests.xctest"; sourceTree = BUILT_PRODUCTS_DIR; };
		66C9B99E1BA280B50072DA52 /* Info.plist */ = {isa = PBXFileReference; lastKnownFileType = text.plist.xml; path = Info.plist; sourceTree = "<group>"; };
		66C9B99F1BA280B50072DA52 /* Strokes_GainedTests.swift */ = {isa = PBXFileReference; lastKnownFileType = sourcecode.swift; path = Strokes_GainedTests.swift; sourceTree = "<group>"; };
/* End PBXFileReference section */

/* Begin PBXFrameworksBuildPhase section */
		66C9B97F1BA280B50072DA52 /* Frameworks */ = {
			isa = PBXFrameworksBuildPhase;
			buildActionMask = 2147483647;
			files = (
			);
			runOnlyForDeploymentPostprocessing = 0;
		};
		66C9B9961BA280B50072DA52 /* Frameworks */ = {
			isa = PBXFrameworksBuildPhase;
			buildActionMask = 2147483647;
			files = (
			);
			runOnlyForDeploymentPostprocessing = 0;
		};
/* End PBXFrameworksBuildPhase section */

/* Begin PBXGroup section */
		66C9B9791BA280B50072DA52 = {
			isa = PBXGroup;
			children = (
				66C9B9841BA280B50072DA52 /* Strokes Gained */,
				66C9B99C1BA280B50072DA52 /* Strokes GainedTests */,
				66C9B9831BA280B50072DA52 /* Products */,
			);
			sourceTree = "<group>";
		};
		66C9B9831BA280B50072DA52 /* Products */ = {
			isa = PBXGroup;
			children = (
				66C9B9821BA280B50072DA52 /* Strokes Gained.app */,
				66C9B9991BA280B50072DA52 /* Strokes GainedTests.xctest */,
			);
			name = Products;
			sourceTree = "<group>";
		};
		66C9B9841BA280B50072DA52 /* Strokes Gained */ = {
			isa = PBXGroup;
			children = (
				66C9B9871BA280B50072DA52 /* AppDelegate.swift */,
				66C9B9891BA280B50072DA52 /* MasterViewController.swift */,
				66C9B98B1BA280B50072DA52 /* DetailViewController.swift */,
				66C9B98D1BA280B50072DA52 /* Main.storyboard */,
				66C9B9901BA280B50072DA52 /* Images.xcassets */,
				66C9B9921BA280B50072DA52 /* LaunchScreen.xib */,
				66C9B9851BA280B50072DA52 /* Supporting Files */,
			);
			path = "Strokes Gained";
			sourceTree = "<group>";
		};
		66C9B9851BA280B50072DA52 /* Supporting Files */ = {
			isa = PBXGroup;
			children = (
				66C9B9861BA280B50072DA52 /* Info.plist */,
			);
			name = "Supporting Files";
			sourceTree = "<group>";
		};
		66C9B99C1BA280B50072DA52 /* Strokes GainedTests */ = {
			isa = PBXGroup;
			children = (
				66C9B99F1BA280B50072DA52 /* Strokes_GainedTests.swift */,
				66C9B99D1BA280B50072DA52 /* Supporting Files */,
			);
			path = "Strokes GainedTests";
			sourceTree = "<group>";
		};
		66C9B99D1BA280B50072DA52 /* Supporting Files */ = {
			isa = PBXGroup;
			children = (
				66C9B99E1BA280B50072DA52 /* Info.plist */,
			);
			name = "Supporting Files";
			sourceTree = "<group>";
		};
/* End PBXGroup section */

/* Begin PBXNativeTarget section */
		66C9B9811BA280B50072DA52 /* Strokes Gained */ = {
			isa = PBXNativeTarget;
			buildConfigurationList = 66C9B9A31BA280B50072DA52 /* Build configuration list for PBXNativeTarget "Strokes Gained" */;
			buildPhases = (
				66C9B97E1BA280B50072DA52 /* Sources */,
				66C9B97F1BA280B50072DA52 /* Frameworks */,
				66C9B9801BA280B50072DA52 /* Resources */,
			);
			buildRules = (
			);
			dependencies = (
			);
			name = "Strokes Gained";
			productName = "Strokes Gained";
			productReference = 66C9B9821BA280B50072DA52 /* Strokes Gained.app */;
			productType = "com.apple.product-type.application";
		};
		66C9B9981BA280B50072DA52 /* Strokes GainedTests */ = {
			isa = PBXNativeTarget;
			buildConfigurationList = 66C9B9A61BA280B50072DA52 /* Build configuration list for PBXNativeTarget "Strokes GainedTests" */;
			buildPhases = (
				66C9B9951BA280B50072DA52 /* Sources */,
				66C9B9961BA280B50072DA52 /* Frameworks */,
				66C9B9971BA280B50072DA52 /* Resources */,
			);
			buildRules = (
			);
			dependencies = (
				66C9B99B1BA280B50072DA52 /* PBXTargetDependency */,
			);
			name = "Strokes GainedTests";
			productName = "Strokes GainedTests";
			productReference = 66C9B9991BA280B50072DA52 /* Strokes GainedTests.xctest */;
			productType = "com.apple.product-type.bundle.unit-test";
		};
/* End PBXNativeTarget section */

/* Begin PBXProject section */
		66C9B97A1BA280B50072DA52 /* Project object */ = {
			isa = PBXProject;
			attributes = {
				LastUpgradeCheck = 0640;
				ORGANIZATIONNAME = coltmcnealy;
				TargetAttributes = {
					66C9B9811BA280B50072DA52 = {
						CreatedOnToolsVersion = 6.4;
					};
					66C9B9981BA280B50072DA52 = {
						CreatedOnToolsVersion = 6.4;
						TestTargetID = 66C9B9811BA280B50072DA52;
					};
				};
			};
			buildConfigurationList = 66C9B97D1BA280B50072DA52 /* Build configuration list for PBXProject "Strokes Gained" */;
			compatibilityVersion = "Xcode 3.2";
			developmentRegion = English;
			hasScannedForEncodings = 0;
			knownRegions = (
				en,
				Base,
			);
			mainGroup = 66C9B9791BA280B50072DA52;
			productRefGroup = 66C9B9831BA280B50072DA52 /* Products */;
			projectDirPath = "";
			projectRoot = "";
			targets = (
				66C9B9811BA280B50072DA52 /* Strokes Gained */,
				66C9B9981BA280B50072DA52 /* Strokes GainedTests */,
			);
		};
/* End PBXProject section */

/* Begin PBXResourcesBuildPhase section */
		66C9B9801BA280B50072DA52 /* Resources */ = {
			isa = PBXResourcesBuildPhase;
			buildActionMask = 2147483647;
			files = (
				66C9B98F1BA280B50072DA52 /* Main.storyboard in Resources */,
				66C9B9941BA280B50072DA52 /* LaunchScreen.xib in Resources */,
				66C9B9911BA280B50072DA52 /* Images.xcassets in Resources */,
			);
			runOnlyForDeploymentPostprocessing = 0;
		};
		66C9B9971BA280B50072DA52 /* Resources */ = {
			isa = PBXResourcesBuildPhase;
			buildActionMask = 2147483647;
			files = (
			);
			runOnlyForDeploymentPostprocessing = 0;
		};
/* End PBXResourcesBuildPhase section */

/* Begin PBXSourcesBuildPhase section */
		66C9B97E1BA280B50072DA52 /* Sources */ = {
			isa = PBXSourcesBuildPhase;
			buildActionMask = 2147483647;
			files = (
				66C9B98C1BA280B50072DA52 /* DetailViewController.swift in Sources */,
				66C9B98A1BA280B50072DA52 /* MasterViewController.swift in Sources */,
				66C9B9881BA280B50072DA52 /* AppDelegate.swift in Sources */,
			);
			runOnlyForDeploymentPostprocessing = 0;
		};
		66C9B9951BA280B50072DA52 /* Sources */ = {
			isa = PBXSourcesBuildPhase;
			buildActionMask = 2147483647;
			files = (
				66C9B9A01BA280B50072DA52 /* Strokes_GainedTests.swift in Sources */,
			);
			runOnlyForDeploymentPostprocessing = 0;
		};
/* End PBXSourcesBuildPhase section */

/* Begin PBXTargetDependency section */
		66C9B99B1BA280B50072DA52 /* PBXTargetDependency */ = {
			isa = PBXTargetDependency;
			target = 66C9B9811BA280B50072DA52 /* Strokes Gained */;
			targetProxy = 66C9B99A1BA280B50072DA52 /* PBXContainerItemProxy */;
		};
/* End PBXTargetDependency section */

/* Begin PBXVariantGroup section */
		66C9B98D1BA280B50072DA52 /* Main.storyboard */ = {
			isa = PBXVariantGroup;
			children = (
				66C9B98E1BA280B50072DA52 /* Base */,
			);
			name = Main.storyboard;
			sourceTree = "<group>";
		};
		66C9B9921BA280B50072DA52 /* LaunchScreen.xib */ = {
			isa = PBXVariantGroup;
			children = (
				66C9B9931BA280B50072DA52 /* Base */,
			);
			name = LaunchScreen.xib;
			sourceTree = "<group>";
		};
/* End PBXVariantGroup section */

/* Begin XCBuildConfiguration section */
		66C9B9A11BA280B50072DA52 /* Debug */ = {
			isa = XCBuildConfiguration;
			buildSettings = {
				ALWAYS_SEARCH_USER_PATHS = NO;
				CLANG_CXX_LANGUAGE_STANDARD = "gnu++0x";
				CLANG_CXX_LIBRARY = "libc++";
				CLANG_ENABLE_MODULES = YES;
				CLANG_ENABLE_OBJC_ARC = YES;
				CLANG_WARN_BOOL_CONVERSION = YES;
				CLANG_WARN_CONSTANT_CONVERSION = YES;
				CLANG_WARN_DIRECT_OBJC_ISA_USAGE = YES_ERROR;
				CLANG_WARN_EMPTY_BODY = YES;
				CLANG_WARN_ENUM_CONVERSION = YES;
				CLANG_WARN_INT_CONVERSION = YES;
				CLANG_WARN_OBJC_ROOT_CLASS = YES_ERROR;
				CLANG_WARN_UNREACHABLE_CODE = YES;
				CLANG_WARN__DUPLICATE_METHOD_MATCH = YES;
				"CODE_SIGN_IDENTITY[sdk=iphoneos*]" = "iPhone Developer";
				COPY_PHASE_STRIP = NO;
				DEBUG_INFORMATION_FORMAT = "dwarf-with-dsym";
				ENABLE_STRICT_OBJC_MSGSEND = YES;
				GCC_C_LANGUAGE_STANDARD = gnu99;
				GCC_DYNAMIC_NO_PIC = NO;
				GCC_NO_COMMON_BLOCKS = YES;
				GCC_OPTIMIZATION_LEVEL = 0;
				GCC_PREPROCESSOR_DEFINITIONS = (
					"DEBUG=1",
					"$(inherited)",
				);
				GCC_SYMBOLS_PRIVATE_EXTERN = NO;
				GCC_WARN_64_TO_32_BIT_CONVERSION = YES;
				GCC_WARN_ABOUT_RETURN_TYPE = YES_ERROR;
				GCC_WARN_UNDECLARED_SELECTOR = YES;
				GCC_WARN_UNINITIALIZED_AUTOS = YES_AGGRESSIVE;
				GCC_WARN_UNUSED_FUNCTION = YES;
				GCC_WARN_UNUSED_VARIABLE = YES;
				IPHONEOS_DEPLOYMENT_TARGET = 8.4;
				MTL_ENABLE_DEBUG_INFO = YES;
				ONLY_ACTIVE_ARCH = YES;
				SDKROOT = iphoneos;
				SWIFT_OPTIMIZATION_LEVEL = "-Onone";
			};
			name = Debug;
		};
		66C9B9A21BA280B50072DA52 /* Release */ = {
			isa = XCBuildConfiguration;
			buildSettings = {
				ALWAYS_SEARCH_USER_PATHS = NO;
				CLANG_CXX_LANGUAGE_STANDARD = "gnu++0x";
				CLANG_CXX_LIBRARY = "libc++";
				CLANG_ENABLE_MODULES = YES;
				CLANG_ENABLE_OBJC_ARC = YES;
				CLANG_WARN_BOOL_CONVERSION = YES;
				CLANG_WARN_CONSTANT_CONVERSION = YES;
				CLANG_WARN_DIRECT_OBJC_ISA_USAGE = YES_ERROR;
				CLANG_WARN_EMPTY_BODY = YES;
				CLANG_WARN_ENUM_CONVERSION = YES;
				CLANG_WARN_INT_CONVERSION = YES;
				CLANG_WARN_OBJC_ROOT_CLASS = YES_ERROR;
				CLANG_WARN_UNREACHABLE_CODE = YES;
				CLANG_WARN__DUPLICATE_METHOD_MATCH = YES;
				"CODE_SIGN_IDENTITY[sdk=iphoneos*]" = "iPhone Developer";
				COPY_PHASE_STRIP = NO;
				DEBUG_INFORMATION_FORMAT = "dwarf-with-dsym";
				ENABLE_NS_ASSERTIONS = NO;
				ENABLE_STRICT_OBJC_MSGSEND = YES;
				GCC_C_LANGUAGE_STANDARD = gnu99;
				GCC_NO_COMMON_BLOCKS = YES;
				GCC_WARN_64_TO_32_BIT_CONVERSION = YES;
				GCC_WARN_ABOUT_RETURN_TYPE = YES_ERROR;
				GCC_WARN_UNDECLARED_SELECTOR = YES;
				GCC_WARN_UNINITIALIZED_AUTOS = YES_AGGRESSIVE;
				GCC_WARN_UNUSED_FUNCTION = YES;
				GCC_WARN_UNUSED_VARIABLE = YES;
				IPHONEOS_DEPLOYMENT_TARGET = 8.4;
				MTL_ENABLE_DEBUG_INFO = NO;
				SDKROOT = iphoneos;
				VALIDATE_PRODUCT = YES;
			};
			name = Release;
		};
		66C9B9A41BA280B50072DA52 /* Debug */ = {
			isa = XCBuildConfiguration;
			buildSettings = {
				ASSETCATALOG_COMPILER_APPICON_NAME = AppIcon;
				INFOPLIST_FILE = "Strokes Gained/Info.plist";
				LD_RUNPATH_SEARCH_PATHS = "$(inherited) @executable_path/Frameworks";
				PRODUCT_NAME = "$(TARGET_NAME)";
			};
			name = Debug;
		};
		66C9B9A51BA280B50072DA52 /* Release */ = {
			isa = XCBuildConfiguration;
			buildSettings = {
				ASSETCATALOG_COMPILER_APPICON_NAME = AppIcon;
				INFOPLIST_FILE = "Strokes Gained/Info.plist";
				LD_RUNPATH_SEARCH_PATHS = "$(inherited) @executable_path/Frameworks";
				PRODUCT_NAME = "$(TARGET_NAME)";
			};
			name = Release;
		};
		66C9B9A71BA280B50072DA52 /* Debug */ = {
			isa = XCBuildConfiguration;
			buildSettings = {
				BUNDLE_LOADER = "$(TEST_HOST)";
				FRAMEWORK_SEARCH_PATHS = (
					"$(SDKROOT)/Developer/Library/Frameworks",
					"$(inherited)",
				);
				GCC_PREPROCESSOR_DEFINITIONS = (
					"DEBUG=1",
					"$(inherited)",
				);
				INFOPLIST_FILE = "Strokes GainedTests/Info.plist";
				LD_RUNPATH_SEARCH_PATHS = "$(inherited) @executable_path/Frameworks @loader_path/Frameworks";
				PRODUCT_NAME = "$(TARGET_NAME)";
				TEST_HOST = "$(BUILT_PRODUCTS_DIR)/Strokes Gained.app/Strokes Gained";
			};
			name = Debug;
		};
		66C9B9A81BA280B50072DA52 /* Release */ = {
			isa = XCBuildConfiguration;
			buildSettings = {
				BUNDLE_LOADER = "$(TEST_HOST)";
				FRAMEWORK_SEARCH_PATHS = (
					"$(SDKROOT)/Developer/Library/Frameworks",
					"$(inherited)",
				);
				INFOPLIST_FILE = "Strokes GainedTests/Info.plist";
				LD_RUNPATH_SEARCH_PATHS = "$(inherited) @executable_path/Frameworks @loader_path/Frameworks";
				PRODUCT_NAME = "$(TARGET_NAME)";
				TEST_HOST = "$(BUILT_PRODUCTS_DIR)/Strokes Gained.app/Strokes Gained";
			};
			name = Release;
		};
/* End XCBuildConfiguration section */

/* Begin XCConfigurationList section */
		66C9B97D1BA280B50072DA52 /* Build configuration list for PBXProject "Strokes Gained" */ = {
			isa = XCConfigurationList;
			buildConfigurations = (
				66C9B9A11BA280B50072DA52 /* Debug */,
				66C9B9A21BA280B50072DA52 /* Release */,
			);
			defaultConfigurationIsVisible = 0;
			defaultConfigurationName = Release;
		};
		66C9B9A31BA280B50072DA52 /* Build configuration list for PBXNativeTarget "Strokes Gained" */ = {
			isa = XCConfigurationList;
			buildConfigurations = (
				66C9B9A41BA280B50072DA52 /* Debug */,
				66C9B9A51BA280B50072DA52 /* Release */,
			);
			defaultConfigurationIsVisible = 0;
		};
		66C9B9A61BA280B50072DA52 /* Build configuration list for PBXNativeTarget "Strokes GainedTests" */ = {
			isa = XCConfigurationList;
			buildConfigurations = (
				66C9B9A71BA280B50072DA52 /* Debug */,
				66C9B9A81BA280B50072DA52 /* Release */,
			);
			defaultConfigurationIsVisible = 0;
		};
/* End XCConfigurationList section */
	};
	rootObject = 66C9B97A1BA280B50072DA52 /* Project object */;
}
